
Microsoft Visual Studio Solution File, Format Version 12.00
# Visual Studio Version 17
VisualStudioVersion = 17.0.31903.59
MinimumVisualStudioVersion = 10.0.40219.1
Project("{2150E333-8FDC-42A3-9474-1A3956D46DE8}") = "Source", "Source", "{CB36289F-614E-4733-B81A-74AC5658E5CB}"
EndProject
Project("{2150E333-8FDC-42A3-9474-1A3956D46DE8}") = "DotNET", "DotNET", "{856932F6-D1D1-41CC-808B-A3741518DACC}"
EndProject
Project("{FAE04EC0-301F-11D3-BF4B-00C04F79EFBC}") = "Applications", "Source\DotNET\Applications\Applications.csproj", "{AA6A18EA-D0F5-41C7-AF7D-1BD124022C71}"
EndProject
Project("{FAE04EC0-301F-11D3-BF4B-00C04F79EFBC}") = "Autofac", "Source\DotNET\Autofac\Autofac.csproj", "{CEA73E49-5FE4-4C0B-A757-C0540AEDE02C}"
EndProject
Project("{FAE04EC0-301F-11D3-BF4B-00C04F79EFBC}") = "CQRS", "Source\DotNET\CQRS\CQRS.csproj", "{F1D08B0B-2063-4283-B7E5-4DC976C89C19}"
EndProject
Project("{FAE04EC0-301F-11D3-BF4B-00C04F79EFBC}") = "CQRS.MongoDB", "Source\DotNET\CQRS.MongoDB\CQRS.MongoDB.csproj", "{9ECDE64B-C968-41C1-8928-82309E33921B}"
EndProject
Project("{FAE04EC0-301F-11D3-BF4B-00C04F79EFBC}") = "MongoDB", "Source\DotNET\MongoDB\MongoDB.csproj", "{551C531B-43DE-4BBA-AE2C-8EF0A39D9FB4}"
EndProject
Project("{FAE04EC0-301F-11D3-BF4B-00C04F79EFBC}") = "ProxyGenerator", "Source\DotNET\ProxyGenerator\ProxyGenerator.csproj", "{7D47DE14-F03E-4D1C-90EA-48A6BC35A4C0}"
EndProject
Project("{2150E333-8FDC-42A3-9474-1A3956D46DE8}") = "Specifications", "Specifications", "{597AD628-3D8C-411C-899D-7A03AF4E6E2B}"
EndProject
Project("{FAE04EC0-301F-11D3-BF4B-00C04F79EFBC}") = "Applications", "Specifications\Applications\Applications.csproj", "{B692D48E-BD85-4F12-ADE3-15F3D3A1F710}"
EndProject
Project("{FAE04EC0-301F-11D3-BF4B-00C04F79EFBC}") = "MongoDB", "Specifications\MongoDB\MongoDB.csproj", "{914C419A-3604-4C1A-8196-3EA537106596}"
EndProject
Global
	GlobalSection(SolutionConfigurationPlatforms) = preSolution
		Debug|Any CPU = Debug|Any CPU
		Release|Any CPU = Release|Any CPU
	EndGlobalSection
	GlobalSection(SolutionProperties) = preSolution
		HideSolutionNode = FALSE
	EndGlobalSection
	GlobalSection(ProjectConfigurationPlatforms) = postSolution
		{AA6A18EA-D0F5-41C7-AF7D-1BD124022C71}.Debug|Any CPU.ActiveCfg = Debug|Any CPU
		{AA6A18EA-D0F5-41C7-AF7D-1BD124022C71}.Debug|Any CPU.Build.0 = Debug|Any CPU
		{AA6A18EA-D0F5-41C7-AF7D-1BD124022C71}.Release|Any CPU.ActiveCfg = Release|Any CPU
		{AA6A18EA-D0F5-41C7-AF7D-1BD124022C71}.Release|Any CPU.Build.0 = Release|Any CPU
		{CEA73E49-5FE4-4C0B-A757-C0540AEDE02C}.Debug|Any CPU.ActiveCfg = Debug|Any CPU
		{CEA73E49-5FE4-4C0B-A757-C0540AEDE02C}.Debug|Any CPU.Build.0 = Debug|Any CPU
		{CEA73E49-5FE4-4C0B-A757-C0540AEDE02C}.Release|Any CPU.ActiveCfg = Release|Any CPU
		{CEA73E49-5FE4-4C0B-A757-C0540AEDE02C}.Release|Any CPU.Build.0 = Release|Any CPU
		{F1D08B0B-2063-4283-B7E5-4DC976C89C19}.Debug|Any CPU.ActiveCfg = Debug|Any CPU
		{F1D08B0B-2063-4283-B7E5-4DC976C89C19}.Debug|Any CPU.Build.0 = Debug|Any CPU
		{F1D08B0B-2063-4283-B7E5-4DC976C89C19}.Release|Any CPU.ActiveCfg = Release|Any CPU
		{F1D08B0B-2063-4283-B7E5-4DC976C89C19}.Release|Any CPU.Build.0 = Release|Any CPU
		{9ECDE64B-C968-41C1-8928-82309E33921B}.Debug|Any CPU.ActiveCfg = Debug|Any CPU
		{9ECDE64B-C968-41C1-8928-82309E33921B}.Debug|Any CPU.Build.0 = Debug|Any CPU
		{9ECDE64B-C968-41C1-8928-82309E33921B}.Release|Any CPU.ActiveCfg = Release|Any CPU
		{9ECDE64B-C968-41C1-8928-82309E33921B}.Release|Any CPU.Build.0 = Release|Any CPU
		{551C531B-43DE-4BBA-AE2C-8EF0A39D9FB4}.Debug|Any CPU.ActiveCfg = Debug|Any CPU
		{551C531B-43DE-4BBA-AE2C-8EF0A39D9FB4}.Debug|Any CPU.Build.0 = Debug|Any CPU
		{551C531B-43DE-4BBA-AE2C-8EF0A39D9FB4}.Release|Any CPU.ActiveCfg = Release|Any CPU
		{551C531B-43DE-4BBA-AE2C-8EF0A39D9FB4}.Release|Any CPU.Build.0 = Release|Any CPU
		{7D47DE14-F03E-4D1C-90EA-48A6BC35A4C0}.Debug|Any CPU.ActiveCfg = Debug|Any CPU
		{7D47DE14-F03E-4D1C-90EA-48A6BC35A4C0}.Debug|Any CPU.Build.0 = Debug|Any CPU
		{7D47DE14-F03E-4D1C-90EA-48A6BC35A4C0}.Release|Any CPU.ActiveCfg = Release|Any CPU
		{7D47DE14-F03E-4D1C-90EA-48A6BC35A4C0}.Release|Any CPU.Build.0 = Release|Any CPU
		{B692D48E-BD85-4F12-ADE3-15F3D3A1F710}.Debug|Any CPU.ActiveCfg = Debug|Any CPU
		{B692D48E-BD85-4F12-ADE3-15F3D3A1F710}.Debug|Any CPU.Build.0 = Debug|Any CPU
		{B692D48E-BD85-4F12-ADE3-15F3D3A1F710}.Release|Any CPU.ActiveCfg = Release|Any CPU
		{B692D48E-BD85-4F12-ADE3-15F3D3A1F710}.Release|Any CPU.Build.0 = Release|Any CPU
		{914C419A-3604-4C1A-8196-3EA537106596}.Debug|Any CPU.ActiveCfg = Debug|Any CPU
		{914C419A-3604-4C1A-8196-3EA537106596}.Debug|Any CPU.Build.0 = Debug|Any CPU
		{914C419A-3604-4C1A-8196-3EA537106596}.Release|Any CPU.ActiveCfg = Release|Any CPU
		{914C419A-3604-4C1A-8196-3EA537106596}.Release|Any CPU.Build.0 = Release|Any CPU
	EndGlobalSection
	GlobalSection(NestedProjects) = preSolution
		{856932F6-D1D1-41CC-808B-A3741518DACC} = {CB36289F-614E-4733-B81A-74AC5658E5CB}
		{AA6A18EA-D0F5-41C7-AF7D-1BD124022C71} = {856932F6-D1D1-41CC-808B-A3741518DACC}
		{CEA73E49-5FE4-4C0B-A757-C0540AEDE02C} = {856932F6-D1D1-41CC-808B-A3741518DACC}
		{F1D08B0B-2063-4283-B7E5-4DC976C89C19} = {856932F6-D1D1-41CC-808B-A3741518DACC}
		{9ECDE64B-C968-41C1-8928-82309E33921B} = {856932F6-D1D1-41CC-808B-A3741518DACC}
		{551C531B-43DE-4BBA-AE2C-8EF0A39D9FB4} = {856932F6-D1D1-41CC-808B-A3741518DACC}
		{7D47DE14-F03E-4D1C-90EA-48A6BC35A4C0} = {856932F6-D1D1-41CC-808B-A3741518DACC}
		{B692D48E-BD85-4F12-ADE3-15F3D3A1F710} = {597AD628-3D8C-411C-899D-7A03AF4E6E2B}
		{914C419A-3604-4C1A-8196-3EA537106596} = {597AD628-3D8C-411C-899D-7A03AF4E6E2B}
	EndGlobalSection
EndGlobal
