
Microsoft Visual Studio Solution File, Format Version 12.00
# Visual Studio Version 17
VisualStudioVersion = 17.0.31903.59
MinimumVisualStudioVersion = 10.0.40219.1
Project("{2150E333-8FDC-42A3-9474-1A3956D46DE8}") = "Source", "Source", "{CB36289F-614E-4733-B81A-74AC5658E5CB}"
EndProject
Project("{2150E333-8FDC-42A3-9474-1A3956D46DE8}") = "DotNET", "DotNET", "{856932F6-D1D1-41CC-808B-A3741518DACC}"
EndProject
Project("{FAE04EC0-301F-11D3-BF4B-00C04F79EFBC}") = "Applications", "Source\DotNET\Applications\Applications.csproj", "{AA6A18EA-D0F5-41C7-AF7D-1BD124022C71}"
EndProject
Project("{2150E333-8FDC-42A3-9474-1A3956D46DE8}") = "Specifications", "Specifications", "{597AD628-3D8C-411C-899D-7A03AF4E6E2B}"
EndProject
Project("{FAE04EC0-301F-11D3-BF4B-00C04F79EFBC}") = "Applications", "Specifications\Applications\Applications.csproj", "{B692D48E-BD85-4F12-ADE3-15F3D3A1F710}"
EndProject
Project("{FAE04EC0-301F-11D3-BF4B-00C04F79EFBC}") = "Serilog", "Source\DotNET\Serilog\Serilog.csproj", "{B2BF4443-5421-4275-A6A4-83C3E1C140B5}"
EndProject
Project("{2150E333-8FDC-42A3-9474-1A3956D46DE8}") = "SolutionItems", "SolutionItems", "{FC67C7C1-EBC1-430E-9229-BF694CC67820}"
	ProjectSection(SolutionItems) = preProject
		Source\DotNET\Directory.Build.props = Source\DotNET\Directory.Build.props
		Directory.Packages.props = Directory.Packages.props
	EndProjectSection
EndProject
Project("{2150E333-8FDC-42A3-9474-1A3956D46DE8}") = "Tools", "Tools", "{A495F734-D1D2-453B-97BA-90FD1F95A66B}"
EndProject
Project("{FAE04EC0-301F-11D3-BF4B-00C04F79EFBC}") = "ProxyGenerator", "Source\DotNET\Tools\ProxyGenerator\ProxyGenerator.csproj", "{D25312B1-B1F7-44EA-8FBF-1910DEC9C1FA}"
EndProject
Project("{FAE04EC0-301F-11D3-BF4B-00C04F79EFBC}") = "Orleans", "Source\DotNET\Orleans\Orleans.csproj", "{972CE865-9F7F-45D7-900C-5D81151D8105}"
EndProject
Project("{FAE04EC0-301F-11D3-BF4B-00C04F79EFBC}") = "Orleans", "Specifications\Orleans\Orleans.csproj", "{5F687FC5-0763-470E-AF27-4C2E8C8DCCFD}"
EndProject
Project("{FAE04EC0-301F-11D3-BF4B-00C04F79EFBC}") = "MongoDB", "Specifications\MongoDB\MongoDB.csproj", "{A9723526-B6DA-40E6-A80A-5F566892DF45}"
EndProject
Project("{FAE04EC0-301F-11D3-BF4B-00C04F79EFBC}") = "MongoDB", "Source\DotNET\MongoDB\MongoDB.csproj", "{55CA3EF1-6CF9-4226-A3C3-89B0A654A268}"
EndProject
Project("{2150E333-8FDC-42A3-9474-1A3956D46DE8}") = "Samples", "Samples", "{0D1D1915-8222-4CC6-816B-FEA7EF3DF29A}"
EndProject
Project("{FAE04EC0-301F-11D3-BF4B-00C04F79EFBC}") = "ProxyGenerator.Build", "Source\DotNET\Tools\ProxyGenerator.Build\ProxyGenerator.Build.csproj", "{BE230ADD-9372-479D-9912-CB1AF36ADD0A}"
EndProject
Project("{FAE04EC0-301F-11D3-BF4B-00C04F79EFBC}") = "Orleans.MongoDB", "Source\DotNET\Orleans.MongoDB\Orleans.MongoDB.csproj", "{A699BADC-5E16-4AA0-B275-3FF5B9F6BA38}"
EndProject
Project("{2150E333-8FDC-42A3-9474-1A3956D46DE8}") = "eCommerce", "eCommerce", "{D4B3D4E3-0D69-4062-B432-8CF16CA309CB}"
EndProject
Project("{2150E333-8FDC-42A3-9474-1A3956D46DE8}") = "Basic", "Basic", "{CB336696-AD34-4F0E-8BBD-0B65B0EE022F}"
EndProject
Project("{FAE04EC0-301F-11D3-BF4B-00C04F79EFBC}") = "API", "Samples\eCommerce\Basic\API\API.csproj", "{BCB898B0-7D42-45E0-91EB-2FB750D285F1}"
EndProject
Project("{FAE04EC0-301F-11D3-BF4B-00C04F79EFBC}") = "Domain", "Samples\eCommerce\Basic\Domain\Domain.csproj", "{69446010-6160-41DD-A97A-81130DCE5021}"
EndProject
Project("{FAE04EC0-301F-11D3-BF4B-00C04F79EFBC}") = "Domain.Interfaces", "Samples\eCommerce\Basic\Domain.Interfaces\Domain.Interfaces.csproj", "{EFC578AE-4227-43CF-97AF-5D8406BA4830}"
EndProject
Project("{FAE04EC0-301F-11D3-BF4B-00C04F79EFBC}") = "Read", "Samples\eCommerce\Basic\Read\Read.csproj", "{74C88843-BCDB-4541-8B21-3B13B63C2A4A}"
EndProject
Project("{FAE04EC0-301F-11D3-BF4B-00C04F79EFBC}") = "Main", "Samples\eCommerce\Basic\Main\Main.csproj", "{99C612B9-6AC5-46D3-A66D-3321ACA06241}"
EndProject
Project("{FAE04EC0-301F-11D3-BF4B-00C04F79EFBC}") = "Swagger", "Source\DotNET\Swagger\Swagger.csproj", "{60FCC3B5-C43E-48DB-B824-048CB83E3121}"
EndProject
Global
	GlobalSection(SolutionConfigurationPlatforms) = preSolution
		Debug|Any CPU = Debug|Any CPU
		Release|Any CPU = Release|Any CPU
	EndGlobalSection
	GlobalSection(SolutionProperties) = preSolution
		HideSolutionNode = FALSE
	EndGlobalSection
	GlobalSection(ProjectConfigurationPlatforms) = postSolution
		{AA6A18EA-D0F5-41C7-AF7D-1BD124022C71}.Debug|Any CPU.ActiveCfg = Debug|Any CPU
		{AA6A18EA-D0F5-41C7-AF7D-1BD124022C71}.Debug|Any CPU.Build.0 = Debug|Any CPU
		{AA6A18EA-D0F5-41C7-AF7D-1BD124022C71}.Release|Any CPU.ActiveCfg = Release|Any CPU
		{AA6A18EA-D0F5-41C7-AF7D-1BD124022C71}.Release|Any CPU.Build.0 = Release|Any CPU
		{B692D48E-BD85-4F12-ADE3-15F3D3A1F710}.Debug|Any CPU.ActiveCfg = Debug|Any CPU
		{B692D48E-BD85-4F12-ADE3-15F3D3A1F710}.Debug|Any CPU.Build.0 = Debug|Any CPU
		{B692D48E-BD85-4F12-ADE3-15F3D3A1F710}.Release|Any CPU.ActiveCfg = Release|Any CPU
		{B692D48E-BD85-4F12-ADE3-15F3D3A1F710}.Release|Any CPU.Build.0 = Release|Any CPU
		{B2BF4443-5421-4275-A6A4-83C3E1C140B5}.Debug|Any CPU.ActiveCfg = Debug|Any CPU
		{B2BF4443-5421-4275-A6A4-83C3E1C140B5}.Debug|Any CPU.Build.0 = Debug|Any CPU
		{B2BF4443-5421-4275-A6A4-83C3E1C140B5}.Release|Any CPU.ActiveCfg = Release|Any CPU
		{B2BF4443-5421-4275-A6A4-83C3E1C140B5}.Release|Any CPU.Build.0 = Release|Any CPU
		{D25312B1-B1F7-44EA-8FBF-1910DEC9C1FA}.Debug|Any CPU.ActiveCfg = Debug|Any CPU
		{D25312B1-B1F7-44EA-8FBF-1910DEC9C1FA}.Debug|Any CPU.Build.0 = Debug|Any CPU
		{D25312B1-B1F7-44EA-8FBF-1910DEC9C1FA}.Release|Any CPU.ActiveCfg = Release|Any CPU
		{D25312B1-B1F7-44EA-8FBF-1910DEC9C1FA}.Release|Any CPU.Build.0 = Release|Any CPU
		{972CE865-9F7F-45D7-900C-5D81151D8105}.Debug|Any CPU.ActiveCfg = Debug|Any CPU
		{972CE865-9F7F-45D7-900C-5D81151D8105}.Debug|Any CPU.Build.0 = Debug|Any CPU
		{972CE865-9F7F-45D7-900C-5D81151D8105}.Release|Any CPU.ActiveCfg = Release|Any CPU
		{972CE865-9F7F-45D7-900C-5D81151D8105}.Release|Any CPU.Build.0 = Release|Any CPU
		{5F687FC5-0763-470E-AF27-4C2E8C8DCCFD}.Debug|Any CPU.ActiveCfg = Debug|Any CPU
		{5F687FC5-0763-470E-AF27-4C2E8C8DCCFD}.Debug|Any CPU.Build.0 = Debug|Any CPU
		{5F687FC5-0763-470E-AF27-4C2E8C8DCCFD}.Release|Any CPU.ActiveCfg = Release|Any CPU
		{5F687FC5-0763-470E-AF27-4C2E8C8DCCFD}.Release|Any CPU.Build.0 = Release|Any CPU
		{A9723526-B6DA-40E6-A80A-5F566892DF45}.Debug|Any CPU.ActiveCfg = Debug|Any CPU
		{A9723526-B6DA-40E6-A80A-5F566892DF45}.Debug|Any CPU.Build.0 = Debug|Any CPU
		{A9723526-B6DA-40E6-A80A-5F566892DF45}.Release|Any CPU.ActiveCfg = Release|Any CPU
		{A9723526-B6DA-40E6-A80A-5F566892DF45}.Release|Any CPU.Build.0 = Release|Any CPU
		{55CA3EF1-6CF9-4226-A3C3-89B0A654A268}.Debug|Any CPU.ActiveCfg = Debug|Any CPU
		{55CA3EF1-6CF9-4226-A3C3-89B0A654A268}.Debug|Any CPU.Build.0 = Debug|Any CPU
		{55CA3EF1-6CF9-4226-A3C3-89B0A654A268}.Release|Any CPU.ActiveCfg = Release|Any CPU
		{55CA3EF1-6CF9-4226-A3C3-89B0A654A268}.Release|Any CPU.Build.0 = Release|Any CPU
		{BE230ADD-9372-479D-9912-CB1AF36ADD0A}.Debug|Any CPU.ActiveCfg = Debug|Any CPU
		{BE230ADD-9372-479D-9912-CB1AF36ADD0A}.Debug|Any CPU.Build.0 = Debug|Any CPU
		{BE230ADD-9372-479D-9912-CB1AF36ADD0A}.Release|Any CPU.ActiveCfg = Release|Any CPU
		{BE230ADD-9372-479D-9912-CB1AF36ADD0A}.Release|Any CPU.Build.0 = Release|Any CPU
		{A699BADC-5E16-4AA0-B275-3FF5B9F6BA38}.Debug|Any CPU.ActiveCfg = Debug|Any CPU
		{A699BADC-5E16-4AA0-B275-3FF5B9F6BA38}.Debug|Any CPU.Build.0 = Debug|Any CPU
		{A699BADC-5E16-4AA0-B275-3FF5B9F6BA38}.Release|Any CPU.ActiveCfg = Release|Any CPU
		{A699BADC-5E16-4AA0-B275-3FF5B9F6BA38}.Release|Any CPU.Build.0 = Release|Any CPU
		{BCB898B0-7D42-45E0-91EB-2FB750D285F1}.Debug|Any CPU.ActiveCfg = Debug|Any CPU
		{BCB898B0-7D42-45E0-91EB-2FB750D285F1}.Debug|Any CPU.Build.0 = Debug|Any CPU
		{BCB898B0-7D42-45E0-91EB-2FB750D285F1}.Release|Any CPU.ActiveCfg = Release|Any CPU
		{BCB898B0-7D42-45E0-91EB-2FB750D285F1}.Release|Any CPU.Build.0 = Release|Any CPU
		{69446010-6160-41DD-A97A-81130DCE5021}.Debug|Any CPU.ActiveCfg = Debug|Any CPU
		{69446010-6160-41DD-A97A-81130DCE5021}.Debug|Any CPU.Build.0 = Debug|Any CPU
		{69446010-6160-41DD-A97A-81130DCE5021}.Release|Any CPU.ActiveCfg = Release|Any CPU
		{69446010-6160-41DD-A97A-81130DCE5021}.Release|Any CPU.Build.0 = Release|Any CPU
		{EFC578AE-4227-43CF-97AF-5D8406BA4830}.Debug|Any CPU.ActiveCfg = Debug|Any CPU
		{EFC578AE-4227-43CF-97AF-5D8406BA4830}.Debug|Any CPU.Build.0 = Debug|Any CPU
		{EFC578AE-4227-43CF-97AF-5D8406BA4830}.Release|Any CPU.ActiveCfg = Release|Any CPU
		{EFC578AE-4227-43CF-97AF-5D8406BA4830}.Release|Any CPU.Build.0 = Release|Any CPU
		{74C88843-BCDB-4541-8B21-3B13B63C2A4A}.Debug|Any CPU.ActiveCfg = Debug|Any CPU
		{74C88843-BCDB-4541-8B21-3B13B63C2A4A}.Debug|Any CPU.Build.0 = Debug|Any CPU
		{74C88843-BCDB-4541-8B21-3B13B63C2A4A}.Release|Any CPU.ActiveCfg = Release|Any CPU
		{74C88843-BCDB-4541-8B21-3B13B63C2A4A}.Release|Any CPU.Build.0 = Release|Any CPU
		{99C612B9-6AC5-46D3-A66D-3321ACA06241}.Debug|Any CPU.ActiveCfg = Debug|Any CPU
		{99C612B9-6AC5-46D3-A66D-3321ACA06241}.Debug|Any CPU.Build.0 = Debug|Any CPU
		{99C612B9-6AC5-46D3-A66D-3321ACA06241}.Release|Any CPU.ActiveCfg = Release|Any CPU
		{99C612B9-6AC5-46D3-A66D-3321ACA06241}.Release|Any CPU.Build.0 = Release|Any CPU
		{60FCC3B5-C43E-48DB-B824-048CB83E3121}.Debug|Any CPU.ActiveCfg = Debug|Any CPU
		{60FCC3B5-C43E-48DB-B824-048CB83E3121}.Debug|Any CPU.Build.0 = Debug|Any CPU
		{60FCC3B5-C43E-48DB-B824-048CB83E3121}.Release|Any CPU.ActiveCfg = Release|Any CPU
		{60FCC3B5-C43E-48DB-B824-048CB83E3121}.Release|Any CPU.Build.0 = Release|Any CPU
	EndGlobalSection
	GlobalSection(NestedProjects) = preSolution
		{856932F6-D1D1-41CC-808B-A3741518DACC} = {CB36289F-614E-4733-B81A-74AC5658E5CB}
		{AA6A18EA-D0F5-41C7-AF7D-1BD124022C71} = {856932F6-D1D1-41CC-808B-A3741518DACC}
		{B692D48E-BD85-4F12-ADE3-15F3D3A1F710} = {597AD628-3D8C-411C-899D-7A03AF4E6E2B}
		{B2BF4443-5421-4275-A6A4-83C3E1C140B5} = {856932F6-D1D1-41CC-808B-A3741518DACC}
		{FC67C7C1-EBC1-430E-9229-BF694CC67820} = {CB36289F-614E-4733-B81A-74AC5658E5CB}
		{A495F734-D1D2-453B-97BA-90FD1F95A66B} = {856932F6-D1D1-41CC-808B-A3741518DACC}
		{D25312B1-B1F7-44EA-8FBF-1910DEC9C1FA} = {A495F734-D1D2-453B-97BA-90FD1F95A66B}
		{972CE865-9F7F-45D7-900C-5D81151D8105} = {856932F6-D1D1-41CC-808B-A3741518DACC}
		{5F687FC5-0763-470E-AF27-4C2E8C8DCCFD} = {597AD628-3D8C-411C-899D-7A03AF4E6E2B}
		{A9723526-B6DA-40E6-A80A-5F566892DF45} = {597AD628-3D8C-411C-899D-7A03AF4E6E2B}
		{55CA3EF1-6CF9-4226-A3C3-89B0A654A268} = {856932F6-D1D1-41CC-808B-A3741518DACC}
		{BE230ADD-9372-479D-9912-CB1AF36ADD0A} = {A495F734-D1D2-453B-97BA-90FD1F95A66B}
		{A699BADC-5E16-4AA0-B275-3FF5B9F6BA38} = {856932F6-D1D1-41CC-808B-A3741518DACC}
		{D4B3D4E3-0D69-4062-B432-8CF16CA309CB} = {0D1D1915-8222-4CC6-816B-FEA7EF3DF29A}
		{CB336696-AD34-4F0E-8BBD-0B65B0EE022F} = {D4B3D4E3-0D69-4062-B432-8CF16CA309CB}
		{BCB898B0-7D42-45E0-91EB-2FB750D285F1} = {CB336696-AD34-4F0E-8BBD-0B65B0EE022F}
		{69446010-6160-41DD-A97A-81130DCE5021} = {CB336696-AD34-4F0E-8BBD-0B65B0EE022F}
		{EFC578AE-4227-43CF-97AF-5D8406BA4830} = {CB336696-AD34-4F0E-8BBD-0B65B0EE022F}
		{74C88843-BCDB-4541-8B21-3B13B63C2A4A} = {CB336696-AD34-4F0E-8BBD-0B65B0EE022F}
		{99C612B9-6AC5-46D3-A66D-3321ACA06241} = {CB336696-AD34-4F0E-8BBD-0B65B0EE022F}
		{60FCC3B5-C43E-48DB-B824-048CB83E3121} = {856932F6-D1D1-41CC-808B-A3741518DACC}
	EndGlobalSection
EndGlobal
