
Microsoft Visual Studio Solution File, Format Version 12.00
# Visual Studio Version 17
VisualStudioVersion = 17.0.31903.59
MinimumVisualStudioVersion = 10.0.40219.1
Project("{2150E333-8FDC-42A3-9474-1A3956D46DE8}") = "Source", "Source", "{CB36289F-614E-4733-B81A-74AC5658E5CB}"
EndProject
Project("{2150E333-8FDC-42A3-9474-1A3956D46DE8}") = "DotNET", "DotNET", "{856932F6-D1D1-41CC-808B-A3741518DACC}"
EndProject
Project("{FAE04EC0-301F-11D3-BF4B-00C04F79EFBC}") = "Applications", "Source\DotNET\Applications\Applications.csproj", "{AA6A18EA-D0F5-41C7-AF7D-1BD124022C71}"
EndProject
Project("{FAE04EC0-301F-11D3-BF4B-00C04F79EFBC}") = "CQRS", "Source\DotNET\CQRS\CQRS.csproj", "{F1D08B0B-2063-4283-B7E5-4DC976C89C19}"
EndProject
Project("{FAE04EC0-301F-11D3-BF4B-00C04F79EFBC}") = "CQRS.MongoDB", "Source\DotNET\CQRS.MongoDB\CQRS.MongoDB.csproj", "{9ECDE64B-C968-41C1-8928-82309E33921B}"
EndProject
Project("{2150E333-8FDC-42A3-9474-1A3956D46DE8}") = "Specifications", "Specifications", "{597AD628-3D8C-411C-899D-7A03AF4E6E2B}"
EndProject
Project("{FAE04EC0-301F-11D3-BF4B-00C04F79EFBC}") = "Applications", "Specifications\Applications\Applications.csproj", "{B692D48E-BD85-4F12-ADE3-15F3D3A1F710}"
EndProject
Project("{FAE04EC0-301F-11D3-BF4B-00C04F79EFBC}") = "Serilog", "Source\DotNET\Serilog\Serilog.csproj", "{B2BF4443-5421-4275-A6A4-83C3E1C140B5}"
EndProject
Project("{2150E333-8FDC-42A3-9474-1A3956D46DE8}") = "SolutionItems", "SolutionItems", "{FC67C7C1-EBC1-430E-9229-BF694CC67820}"
	ProjectSection(SolutionItems) = preProject
		Source\DotNET\Directory.Build.props = Source\DotNET\Directory.Build.props
		Directory.Packages.props = Directory.Packages.props
	EndProjectSection
EndProject
Project("{2150E333-8FDC-42A3-9474-1A3956D46DE8}") = "Tools", "Tools", "{A495F734-D1D2-453B-97BA-90FD1F95A66B}"
EndProject
Project("{FAE04EC0-301F-11D3-BF4B-00C04F79EFBC}") = "ProxyGenerator", "Source\DotNET\Tools\ProxyGenerator\ProxyGenerator.csproj", "{D25312B1-B1F7-44EA-8FBF-1910DEC9C1FA}"
EndProject
Project("{FAE04EC0-301F-11D3-BF4B-00C04F79EFBC}") = "Roslyn", "Source\DotNET\Tools\Roslyn\Roslyn.csproj", "{43565AB5-DF6C-4352-94D8-D12B25C65F18}"
EndProject
Project("{FAE04EC0-301F-11D3-BF4B-00C04F79EFBC}") = "Orleans", "Source\DotNET\Orleans\Orleans.csproj", "{972CE865-9F7F-45D7-900C-5D81151D8105}"
EndProject
Project("{FAE04EC0-301F-11D3-BF4B-00C04F79EFBC}") = "Orleans", "Specifications\Orleans\Orleans.csproj", "{5F687FC5-0763-470E-AF27-4C2E8C8DCCFD}"
EndProject
Project("{FAE04EC0-301F-11D3-BF4B-00C04F79EFBC}") = "MongoDB", "Specifications\MongoDB\MongoDB.csproj", "{A9723526-B6DA-40E6-A80A-5F566892DF45}"
EndProject
Project("{FAE04EC0-301F-11D3-BF4B-00C04F79EFBC}") = "MongoDB", "Source\DotNET\MongoDB\MongoDB.csproj", "{55CA3EF1-6CF9-4226-A3C3-89B0A654A268}"
EndProject
Project("{2150E333-8FDC-42A3-9474-1A3956D46DE8}") = "Samples", "Samples", "{0D1D1915-8222-4CC6-816B-FEA7EF3DF29A}"
EndProject
Project("{2150E333-8FDC-42A3-9474-1A3956D46DE8}") = "Basic", "Basic", "{B7244094-83B1-4084-A8BC-01E93AAF5C47}"
EndProject
Project("{FAE04EC0-301F-11D3-BF4B-00C04F79EFBC}") = "Main", "Samples\Basic\Main\Main.csproj", "{5770BE53-7410-4CE8-AD4A-2ECC4E8AA6C3}"
EndProject
Project("{FAE04EC0-301F-11D3-BF4B-00C04F79EFBC}") = "Domain", "Samples\Basic\Domain\Domain.csproj", "{261B6A3E-FA6F-4A46-9EC6-F9C275622FA0}"
EndProject
Project("{FAE04EC0-301F-11D3-BF4B-00C04F79EFBC}") = "Domain.Interfaces", "Samples\Basic\Domain.Interfaces\Domain.Interfaces.csproj", "{7CEBFF1B-9395-4603-BB44-464F2388AB40}"
EndProject
Project("{FAE04EC0-301F-11D3-BF4B-00C04F79EFBC}") = "ProxyGenerator.Build", "Source\DotNET\Tools\ProxyGenerator.Build\ProxyGenerator.Build.csproj", "{BE230ADD-9372-479D-9912-CB1AF36ADD0A}"
EndProject
Project("{FAE04EC0-301F-11D3-BF4B-00C04F79EFBC}") = "Orleans.MongoDB", "Source\DotNET\Orleans.MongoDB\Orleans.MongoDB.csproj", "{A699BADC-5E16-4AA0-B275-3FF5B9F6BA38}"
EndProject
Global
	GlobalSection(SolutionConfigurationPlatforms) = preSolution
		Debug|Any CPU = Debug|Any CPU
		Release|Any CPU = Release|Any CPU
	EndGlobalSection
	GlobalSection(SolutionProperties) = preSolution
		HideSolutionNode = FALSE
	EndGlobalSection
	GlobalSection(ProjectConfigurationPlatforms) = postSolution
		{AA6A18EA-D0F5-41C7-AF7D-1BD124022C71}.Debug|Any CPU.ActiveCfg = Debug|Any CPU
		{AA6A18EA-D0F5-41C7-AF7D-1BD124022C71}.Debug|Any CPU.Build.0 = Debug|Any CPU
		{AA6A18EA-D0F5-41C7-AF7D-1BD124022C71}.Release|Any CPU.ActiveCfg = Release|Any CPU
		{AA6A18EA-D0F5-41C7-AF7D-1BD124022C71}.Release|Any CPU.Build.0 = Release|Any CPU
		{F1D08B0B-2063-4283-B7E5-4DC976C89C19}.Debug|Any CPU.ActiveCfg = Debug|Any CPU
		{F1D08B0B-2063-4283-B7E5-4DC976C89C19}.Debug|Any CPU.Build.0 = Debug|Any CPU
		{F1D08B0B-2063-4283-B7E5-4DC976C89C19}.Release|Any CPU.ActiveCfg = Release|Any CPU
		{F1D08B0B-2063-4283-B7E5-4DC976C89C19}.Release|Any CPU.Build.0 = Release|Any CPU
		{9ECDE64B-C968-41C1-8928-82309E33921B}.Debug|Any CPU.ActiveCfg = Debug|Any CPU
		{9ECDE64B-C968-41C1-8928-82309E33921B}.Debug|Any CPU.Build.0 = Debug|Any CPU
		{9ECDE64B-C968-41C1-8928-82309E33921B}.Release|Any CPU.ActiveCfg = Release|Any CPU
		{9ECDE64B-C968-41C1-8928-82309E33921B}.Release|Any CPU.Build.0 = Release|Any CPU
		{B692D48E-BD85-4F12-ADE3-15F3D3A1F710}.Debug|Any CPU.ActiveCfg = Debug|Any CPU
		{B692D48E-BD85-4F12-ADE3-15F3D3A1F710}.Debug|Any CPU.Build.0 = Debug|Any CPU
		{B692D48E-BD85-4F12-ADE3-15F3D3A1F710}.Release|Any CPU.ActiveCfg = Release|Any CPU
		{B692D48E-BD85-4F12-ADE3-15F3D3A1F710}.Release|Any CPU.Build.0 = Release|Any CPU
		{B2BF4443-5421-4275-A6A4-83C3E1C140B5}.Debug|Any CPU.ActiveCfg = Debug|Any CPU
		{B2BF4443-5421-4275-A6A4-83C3E1C140B5}.Debug|Any CPU.Build.0 = Debug|Any CPU
		{B2BF4443-5421-4275-A6A4-83C3E1C140B5}.Release|Any CPU.ActiveCfg = Release|Any CPU
		{B2BF4443-5421-4275-A6A4-83C3E1C140B5}.Release|Any CPU.Build.0 = Release|Any CPU
		{D25312B1-B1F7-44EA-8FBF-1910DEC9C1FA}.Debug|Any CPU.ActiveCfg = Debug|Any CPU
		{D25312B1-B1F7-44EA-8FBF-1910DEC9C1FA}.Debug|Any CPU.Build.0 = Debug|Any CPU
		{D25312B1-B1F7-44EA-8FBF-1910DEC9C1FA}.Release|Any CPU.ActiveCfg = Release|Any CPU
		{D25312B1-B1F7-44EA-8FBF-1910DEC9C1FA}.Release|Any CPU.Build.0 = Release|Any CPU
		{43565AB5-DF6C-4352-94D8-D12B25C65F18}.Debug|Any CPU.ActiveCfg = Debug|Any CPU
		{43565AB5-DF6C-4352-94D8-D12B25C65F18}.Debug|Any CPU.Build.0 = Debug|Any CPU
		{43565AB5-DF6C-4352-94D8-D12B25C65F18}.Release|Any CPU.ActiveCfg = Release|Any CPU
		{43565AB5-DF6C-4352-94D8-D12B25C65F18}.Release|Any CPU.Build.0 = Release|Any CPU
		{972CE865-9F7F-45D7-900C-5D81151D8105}.Debug|Any CPU.ActiveCfg = Debug|Any CPU
		{972CE865-9F7F-45D7-900C-5D81151D8105}.Debug|Any CPU.Build.0 = Debug|Any CPU
		{972CE865-9F7F-45D7-900C-5D81151D8105}.Release|Any CPU.ActiveCfg = Release|Any CPU
		{972CE865-9F7F-45D7-900C-5D81151D8105}.Release|Any CPU.Build.0 = Release|Any CPU
		{5F687FC5-0763-470E-AF27-4C2E8C8DCCFD}.Debug|Any CPU.ActiveCfg = Debug|Any CPU
		{5F687FC5-0763-470E-AF27-4C2E8C8DCCFD}.Debug|Any CPU.Build.0 = Debug|Any CPU
		{5F687FC5-0763-470E-AF27-4C2E8C8DCCFD}.Release|Any CPU.ActiveCfg = Release|Any CPU
		{5F687FC5-0763-470E-AF27-4C2E8C8DCCFD}.Release|Any CPU.Build.0 = Release|Any CPU
		{A9723526-B6DA-40E6-A80A-5F566892DF45}.Debug|Any CPU.ActiveCfg = Debug|Any CPU
		{A9723526-B6DA-40E6-A80A-5F566892DF45}.Debug|Any CPU.Build.0 = Debug|Any CPU
		{A9723526-B6DA-40E6-A80A-5F566892DF45}.Release|Any CPU.ActiveCfg = Release|Any CPU
		{A9723526-B6DA-40E6-A80A-5F566892DF45}.Release|Any CPU.Build.0 = Release|Any CPU
		{55CA3EF1-6CF9-4226-A3C3-89B0A654A268}.Debug|Any CPU.ActiveCfg = Debug|Any CPU
		{55CA3EF1-6CF9-4226-A3C3-89B0A654A268}.Debug|Any CPU.Build.0 = Debug|Any CPU
		{55CA3EF1-6CF9-4226-A3C3-89B0A654A268}.Release|Any CPU.ActiveCfg = Release|Any CPU
		{55CA3EF1-6CF9-4226-A3C3-89B0A654A268}.Release|Any CPU.Build.0 = Release|Any CPU
		{5770BE53-7410-4CE8-AD4A-2ECC4E8AA6C3}.Debug|Any CPU.ActiveCfg = Debug|Any CPU
		{5770BE53-7410-4CE8-AD4A-2ECC4E8AA6C3}.Debug|Any CPU.Build.0 = Debug|Any CPU
		{5770BE53-7410-4CE8-AD4A-2ECC4E8AA6C3}.Release|Any CPU.ActiveCfg = Release|Any CPU
		{5770BE53-7410-4CE8-AD4A-2ECC4E8AA6C3}.Release|Any CPU.Build.0 = Release|Any CPU
		{261B6A3E-FA6F-4A46-9EC6-F9C275622FA0}.Debug|Any CPU.ActiveCfg = Debug|Any CPU
		{261B6A3E-FA6F-4A46-9EC6-F9C275622FA0}.Debug|Any CPU.Build.0 = Debug|Any CPU
		{261B6A3E-FA6F-4A46-9EC6-F9C275622FA0}.Release|Any CPU.ActiveCfg = Release|Any CPU
		{261B6A3E-FA6F-4A46-9EC6-F9C275622FA0}.Release|Any CPU.Build.0 = Release|Any CPU
		{7CEBFF1B-9395-4603-BB44-464F2388AB40}.Debug|Any CPU.ActiveCfg = Debug|Any CPU
		{7CEBFF1B-9395-4603-BB44-464F2388AB40}.Debug|Any CPU.Build.0 = Debug|Any CPU
		{7CEBFF1B-9395-4603-BB44-464F2388AB40}.Release|Any CPU.ActiveCfg = Release|Any CPU
		{7CEBFF1B-9395-4603-BB44-464F2388AB40}.Release|Any CPU.Build.0 = Release|Any CPU
		{BE230ADD-9372-479D-9912-CB1AF36ADD0A}.Debug|Any CPU.ActiveCfg = Debug|Any CPU
		{BE230ADD-9372-479D-9912-CB1AF36ADD0A}.Debug|Any CPU.Build.0 = Debug|Any CPU
		{BE230ADD-9372-479D-9912-CB1AF36ADD0A}.Release|Any CPU.ActiveCfg = Release|Any CPU
		{BE230ADD-9372-479D-9912-CB1AF36ADD0A}.Release|Any CPU.Build.0 = Release|Any CPU
		{A699BADC-5E16-4AA0-B275-3FF5B9F6BA38}.Debug|Any CPU.ActiveCfg = Debug|Any CPU
		{A699BADC-5E16-4AA0-B275-3FF5B9F6BA38}.Debug|Any CPU.Build.0 = Debug|Any CPU
		{A699BADC-5E16-4AA0-B275-3FF5B9F6BA38}.Release|Any CPU.ActiveCfg = Release|Any CPU
		{A699BADC-5E16-4AA0-B275-3FF5B9F6BA38}.Release|Any CPU.Build.0 = Release|Any CPU
	EndGlobalSection
	GlobalSection(NestedProjects) = preSolution
		{856932F6-D1D1-41CC-808B-A3741518DACC} = {CB36289F-614E-4733-B81A-74AC5658E5CB}
		{AA6A18EA-D0F5-41C7-AF7D-1BD124022C71} = {856932F6-D1D1-41CC-808B-A3741518DACC}
		{F1D08B0B-2063-4283-B7E5-4DC976C89C19} = {856932F6-D1D1-41CC-808B-A3741518DACC}
		{9ECDE64B-C968-41C1-8928-82309E33921B} = {856932F6-D1D1-41CC-808B-A3741518DACC}
		{B692D48E-BD85-4F12-ADE3-15F3D3A1F710} = {597AD628-3D8C-411C-899D-7A03AF4E6E2B}
		{B2BF4443-5421-4275-A6A4-83C3E1C140B5} = {856932F6-D1D1-41CC-808B-A3741518DACC}
		{FC67C7C1-EBC1-430E-9229-BF694CC67820} = {CB36289F-614E-4733-B81A-74AC5658E5CB}
		{A495F734-D1D2-453B-97BA-90FD1F95A66B} = {856932F6-D1D1-41CC-808B-A3741518DACC}
		{D25312B1-B1F7-44EA-8FBF-1910DEC9C1FA} = {A495F734-D1D2-453B-97BA-90FD1F95A66B}
		{43565AB5-DF6C-4352-94D8-D12B25C65F18} = {A495F734-D1D2-453B-97BA-90FD1F95A66B}
		{972CE865-9F7F-45D7-900C-5D81151D8105} = {856932F6-D1D1-41CC-808B-A3741518DACC}
		{5F687FC5-0763-470E-AF27-4C2E8C8DCCFD} = {597AD628-3D8C-411C-899D-7A03AF4E6E2B}
		{A9723526-B6DA-40E6-A80A-5F566892DF45} = {597AD628-3D8C-411C-899D-7A03AF4E6E2B}
		{55CA3EF1-6CF9-4226-A3C3-89B0A654A268} = {856932F6-D1D1-41CC-808B-A3741518DACC}
		{B7244094-83B1-4084-A8BC-01E93AAF5C47} = {0D1D1915-8222-4CC6-816B-FEA7EF3DF29A}
		{5770BE53-7410-4CE8-AD4A-2ECC4E8AA6C3} = {B7244094-83B1-4084-A8BC-01E93AAF5C47}
		{261B6A3E-FA6F-4A46-9EC6-F9C275622FA0} = {B7244094-83B1-4084-A8BC-01E93AAF5C47}
		{7CEBFF1B-9395-4603-BB44-464F2388AB40} = {B7244094-83B1-4084-A8BC-01E93AAF5C47}
		{BE230ADD-9372-479D-9912-CB1AF36ADD0A} = {A495F734-D1D2-453B-97BA-90FD1F95A66B}
		{A699BADC-5E16-4AA0-B275-3FF5B9F6BA38} = {856932F6-D1D1-41CC-808B-A3741518DACC}
	EndGlobalSection
EndGlobal
